
Microsoft Visual Studio Solution File, Format Version 12.00
# Visual Studio 2013
VisualStudioVersion = 12.0.31101.0
MinimumVisualStudioVersion = 10.0.40219.1
Project("{8BC9CEB8-8B4A-11D0-8D11-00A0C91BC942}") = "YBaseLib", "YStdLib.vcxproj", "{B56CE698-7300-4FA5-9609-942F1D05C5A2}"
EndProject
Project("{8BC9CEB8-8B4A-11D0-8D11-00A0C91BC942}") = "TestSuites", "Tests.vcxproj", "{A2C29988-014D-43A0-8BB7-4C795B232B90}"
EndProject
Project("{8BC9CEB8-8B4A-11D0-8D11-00A0C91BC942}") = "TestSubprocess", "TestSubprocess.vcxproj", "{82117A3A-7006-4DC9-ADDC-E4DD67481C92}"
EndProject
Global
	GlobalSection(SolutionConfigurationPlatforms) = preSolution
		Debug|Win32 = Debug|Win32
		Debug|x64 = Debug|x64
		DebugFast|Win32 = DebugFast|Win32
		DebugFast|x64 = DebugFast|x64
		Release|Win32 = Release|Win32
		Release|x64 = Release|x64
		Shipping|Win32 = Shipping|Win32
		Shipping|x64 = Shipping|x64
	EndGlobalSection
	GlobalSection(ProjectConfigurationPlatforms) = postSolution
		{B56CE698-7300-4FA5-9609-942F1D05C5A2}.Debug|Win32.ActiveCfg = Debug|Win32
		{B56CE698-7300-4FA5-9609-942F1D05C5A2}.Debug|Win32.Build.0 = Debug|Win32
		{B56CE698-7300-4FA5-9609-942F1D05C5A2}.Debug|x64.ActiveCfg = Debug|x64
		{B56CE698-7300-4FA5-9609-942F1D05C5A2}.Debug|x64.Build.0 = Debug|x64
		{B56CE698-7300-4FA5-9609-942F1D05C5A2}.DebugFast|Win32.ActiveCfg = DebugFast|Win32
		{B56CE698-7300-4FA5-9609-942F1D05C5A2}.DebugFast|Win32.Build.0 = DebugFast|Win32
		{B56CE698-7300-4FA5-9609-942F1D05C5A2}.DebugFast|x64.ActiveCfg = DebugFast|x64
		{B56CE698-7300-4FA5-9609-942F1D05C5A2}.DebugFast|x64.Build.0 = DebugFast|x64
		{B56CE698-7300-4FA5-9609-942F1D05C5A2}.Release|Win32.ActiveCfg = Release|Win32
		{B56CE698-7300-4FA5-9609-942F1D05C5A2}.Release|Win32.Build.0 = Release|Win32
		{B56CE698-7300-4FA5-9609-942F1D05C5A2}.Release|x64.ActiveCfg = Release|x64
		{B56CE698-7300-4FA5-9609-942F1D05C5A2}.Release|x64.Build.0 = Release|x64
		{B56CE698-7300-4FA5-9609-942F1D05C5A2}.Shipping|Win32.ActiveCfg = Shipping|Win32
		{B56CE698-7300-4FA5-9609-942F1D05C5A2}.Shipping|Win32.Build.0 = Shipping|Win32
		{B56CE698-7300-4FA5-9609-942F1D05C5A2}.Shipping|x64.ActiveCfg = Shipping|x64
		{B56CE698-7300-4FA5-9609-942F1D05C5A2}.Shipping|x64.Build.0 = Shipping|x64
		{A2C29988-014D-43A0-8BB7-4C795B232B90}.Debug|Win32.ActiveCfg = Debug|Win32
		{A2C29988-014D-43A0-8BB7-4C795B232B90}.Debug|Win32.Build.0 = Debug|Win32
		{A2C29988-014D-43A0-8BB7-4C795B232B90}.Debug|x64.ActiveCfg = Debug|x64
		{A2C29988-014D-43A0-8BB7-4C795B232B90}.Debug|x64.Build.0 = Debug|x64
		{A2C29988-014D-43A0-8BB7-4C795B232B90}.DebugFast|Win32.ActiveCfg = DebugFast|Win32
		{A2C29988-014D-43A0-8BB7-4C795B232B90}.DebugFast|Win32.Build.0 = DebugFast|Win32
		{A2C29988-014D-43A0-8BB7-4C795B232B90}.DebugFast|x64.ActiveCfg = DebugFast|x64
		{A2C29988-014D-43A0-8BB7-4C795B232B90}.DebugFast|x64.Build.0 = DebugFast|x64
		{A2C29988-014D-43A0-8BB7-4C795B232B90}.Release|Win32.ActiveCfg = Release|Win32
		{A2C29988-014D-43A0-8BB7-4C795B232B90}.Release|Win32.Build.0 = Release|Win32
		{A2C29988-014D-43A0-8BB7-4C795B232B90}.Release|x64.ActiveCfg = Release|x64
		{A2C29988-014D-43A0-8BB7-4C795B232B90}.Release|x64.Build.0 = Release|x64
		{A2C29988-014D-43A0-8BB7-4C795B232B90}.Shipping|Win32.ActiveCfg = Shipping|Win32
		{A2C29988-014D-43A0-8BB7-4C795B232B90}.Shipping|Win32.Build.0 = Shipping|Win32
		{A2C29988-014D-43A0-8BB7-4C795B232B90}.Shipping|x64.ActiveCfg = Shipping|x64
		{A2C29988-014D-43A0-8BB7-4C795B232B90}.Shipping|x64.Build.0 = Shipping|x64
		{82117A3A-7006-4DC9-ADDC-E4DD67481C92}.Debug|Win32.ActiveCfg = Debug|Win32
		{82117A3A-7006-4DC9-ADDC-E4DD67481C92}.Debug|Win32.Build.0 = Debug|Win32
		{82117A3A-7006-4DC9-ADDC-E4DD67481C92}.Debug|x64.ActiveCfg = Debug|x64
		{82117A3A-7006-4DC9-ADDC-E4DD67481C92}.Debug|x64.Build.0 = Debug|x64
		{82117A3A-7006-4DC9-ADDC-E4DD67481C92}.DebugFast|Win32.ActiveCfg = DebugFast|Win32
		{82117A3A-7006-4DC9-ADDC-E4DD67481C92}.DebugFast|Win32.Build.0 = DebugFast|Win32
		{82117A3A-7006-4DC9-ADDC-E4DD67481C92}.DebugFast|x64.ActiveCfg = DebugFast|x64
		{82117A3A-7006-4DC9-ADDC-E4DD67481C92}.DebugFast|x64.Build.0 = DebugFast|x64
		{82117A3A-7006-4DC9-ADDC-E4DD67481C92}.Release|Win32.ActiveCfg = Release|Win32
		{82117A3A-7006-4DC9-ADDC-E4DD67481C92}.Release|Win32.Build.0 = Release|Win32
		{82117A3A-7006-4DC9-ADDC-E4DD67481C92}.Release|x64.ActiveCfg = Release|x64
		{82117A3A-7006-4DC9-ADDC-E4DD67481C92}.Release|x64.Build.0 = Release|x64
		{82117A3A-7006-4DC9-ADDC-E4DD67481C92}.Shipping|Win32.ActiveCfg = Shipping|Win32
		{82117A3A-7006-4DC9-ADDC-E4DD67481C92}.Shipping|Win32.Build.0 = Shipping|Win32
		{82117A3A-7006-4DC9-ADDC-E4DD67481C92}.Shipping|x64.ActiveCfg = Shipping|x64
		{82117A3A-7006-4DC9-ADDC-E4DD67481C92}.Shipping|x64.Build.0 = Shipping|x64
	EndGlobalSection
	GlobalSection(SolutionProperties) = preSolution
		HideSolutionNode = FALSE
	EndGlobalSection
EndGlobal
